
Microsoft Visual Studio Solution File, Format Version 12.00
# Visual Studio Version 17
VisualStudioVersion = 17.8.34316.72
MinimumVisualStudioVersion = 10.0.40219.1
Project("{8BC9CEB8-8B4A-11D0-8D11-00A0C91BC942}") = "FirstProgec_01", "FirstProgec_01\FirstProgec_01.vcxproj", "{8E994D44-4257-4C4F-8332-438148ECCCCE}"
EndProject
Global
	GlobalSection(SolutionConfigurationPlatforms) = preSolution
		Debug|ARM = Debug|ARM
		Debug|x64 = Debug|x64
		Debug|x86 = Debug|x86
		Release|ARM = Release|ARM
		Release|x64 = Release|x64
		Release|x86 = Release|x86
	EndGlobalSection
	GlobalSection(ProjectConfigurationPlatforms) = postSolution
		{8E994D44-4257-4C4F-8332-438148ECCCCE}.Debug|ARM.ActiveCfg = Debug|ARM
		{8E994D44-4257-4C4F-8332-438148ECCCCE}.Debug|ARM.Build.0 = Debug|ARM
		{8E994D44-4257-4C4F-8332-438148ECCCCE}.Debug|x64.ActiveCfg = Debug|x64
		{8E994D44-4257-4C4F-8332-438148ECCCCE}.Debug|x64.Build.0 = Debug|x64
		{8E994D44-4257-4C4F-8332-438148ECCCCE}.Debug|x86.ActiveCfg = Debug|Win32
		{8E994D44-4257-4C4F-8332-438148ECCCCE}.Debug|x86.Build.0 = Debug|Win32
		{8E994D44-4257-4C4F-8332-438148ECCCCE}.Release|ARM.ActiveCfg = Release|ARM
		{8E994D44-4257-4C4F-8332-438148ECCCCE}.Release|ARM.Build.0 = Release|ARM
		{8E994D44-4257-4C4F-8332-438148ECCCCE}.Release|x64.ActiveCfg = Release|x64
		{8E994D44-4257-4C4F-8332-438148ECCCCE}.Release|x64.Build.0 = Release|x64
		{8E994D44-4257-4C4F-8332-438148ECCCCE}.Release|x86.ActiveCfg = Release|Win32
		{8E994D44-4257-4C4F-8332-438148ECCCCE}.Release|x86.Build.0 = Release|Win32
	EndGlobalSection
	GlobalSection(SolutionProperties) = preSolution
		HideSolutionNode = FALSE
	EndGlobalSection
	GlobalSection(ExtensibilityGlobals) = postSolution
		SolutionGuid = {D956844F-CA9B-46C1-885C-35831B94940B}
	EndGlobalSection
EndGlobal
